
Microsoft Visual Studio Solution File, Format Version 12.00
# Visual Studio Version 16
VisualStudioVersion = 16.0.32106.194
MinimumVisualStudioVersion = 10.0.40219.1
Project("{FAE04EC0-301F-11D3-BF4B-00C04F79EFBC}") = "ShoppingCart", "ShoppingCart\ShoppingCart.csproj", "{92AD1110-F9FE-4FC2-8F74-5C7EEC4ED3F1}"
EndProject
Global
	GlobalSection(SolutionConfigurationPlatforms) = preSolution
		Debug|Any CPU = Debug|Any CPU
		Release|Any CPU = Release|Any CPU
	EndGlobalSection
	GlobalSection(ProjectConfigurationPlatforms) = postSolution
		{92AD1110-F9FE-4FC2-8F74-5C7EEC4ED3F1}.Debug|Any CPU.ActiveCfg = Debug|Any CPU
		{92AD1110-F9FE-4FC2-8F74-5C7EEC4ED3F1}.Debug|Any CPU.Build.0 = Debug|Any CPU
		{92AD1110-F9FE-4FC2-8F74-5C7EEC4ED3F1}.Release|Any CPU.ActiveCfg = Release|Any CPU
		{92AD1110-F9FE-4FC2-8F74-5C7EEC4ED3F1}.Release|Any CPU.Build.0 = Release|Any CPU
	EndGlobalSection
	GlobalSection(SolutionProperties) = preSolution
		HideSolutionNode = FALSE
	EndGlobalSection
	GlobalSection(ExtensibilityGlobals) = postSolution
		SolutionGuid = {E792E858-1A6D-40A5-B933-CB65A486F424}
	EndGlobalSection
EndGlobal
